{
    "_meta": {
        "hash": {
            "sha256": "50e9171ffa88809889fea32fecd7ab830cf2e6d317bbebb6a918fe892f3287f0"
        },
        "pipfile-spec": 6,
        "requires": {
            "python_version": "3.8"
        },
        "sources": [
            {
                "name": "pypi",
                "url": "https://pypi.org/simple",
                "verify_ssl": true
            }
        ]
    },
    "default": {
        "peewee": {
            "hashes": [
                "sha256:92f5a20ff90d46f1f78e8d53d461061ef0ee192d7a7880efd41894b86fa4762d"
            ],
            "index": "pypi",
            "version": "==3.9.4"
        }
    },
    "develop": {}
}
